Microsoft Visual Studio Solution File, Format Version 11.00
# Visual Studio 2008

Project("{8F898176-0DCC-1984-53DB-1474FF6653EC}") = "GrandfatherQuest", "Assembly-CSharp-firstpass.csproj", "{8F42A1A8-C0A8-D082-EF53-417CDB9CCF13}"
EndProject
Project("{8F898176-0DCC-1984-53DB-1474FF6653EC}") = "GrandfatherQuest", "Assembly-CSharp.csproj", "{6F75C062-6F91-6F2D-D9EE-C5DC577EA16D}"
EndProject
Project("{8F898176-0DCC-1984-53DB-1474FF6653EC}") = "GrandfatherQuest", "Assembly-CSharp-Editor.csproj", "{A3CEDF1F-8493-9B8A-5929-4497F9DE8124}"
EndProject
Global
	GlobalSection(SolutionConfigurationPlatforms) = preSolution
		Debug|Any CPU = Debug|Any CPU
		Release|Any CPU = Release|Any CPU
	EndGlobalSection
	GlobalSection(ProjectConfigurationPlatforms) = postSolution
		{8F42A1A8-C0A8-D082-EF53-417CDB9CCF13}.Debug|Any CPU.ActiveCfg = Debug|Any CPU
		{8F42A1A8-C0A8-D082-EF53-417CDB9CCF13}.Debug|Any CPU.Build.0 = Debug|Any CPU
		{8F42A1A8-C0A8-D082-EF53-417CDB9CCF13}.Release|Any CPU.ActiveCfg = Release|Any CPU
		{8F42A1A8-C0A8-D082-EF53-417CDB9CCF13}.Release|Any CPU.Build.0 = Release|Any CPU
		{6F75C062-6F91-6F2D-D9EE-C5DC577EA16D}.Debug|Any CPU.ActiveCfg = Debug|Any CPU
		{6F75C062-6F91-6F2D-D9EE-C5DC577EA16D}.Debug|Any CPU.Build.0 = Debug|Any CPU
		{6F75C062-6F91-6F2D-D9EE-C5DC577EA16D}.Release|Any CPU.ActiveCfg = Release|Any CPU
		{6F75C062-6F91-6F2D-D9EE-C5DC577EA16D}.Release|Any CPU.Build.0 = Release|Any CPU
		{A3CEDF1F-8493-9B8A-5929-4497F9DE8124}.Debug|Any CPU.ActiveCfg = Debug|Any CPU
		{A3CEDF1F-8493-9B8A-5929-4497F9DE8124}.Debug|Any CPU.Build.0 = Debug|Any CPU
		{A3CEDF1F-8493-9B8A-5929-4497F9DE8124}.Release|Any CPU.ActiveCfg = Release|Any CPU
		{A3CEDF1F-8493-9B8A-5929-4497F9DE8124}.Release|Any CPU.Build.0 = Release|Any CPU
	EndGlobalSection
	GlobalSection(SolutionProperties) = preSolution
		HideSolutionNode = FALSE
	EndGlobalSection
	GlobalSection(MonoDevelopProperties) = preSolution
		StartupItem = Assembly-CSharp.csproj
	EndGlobalSection
EndGlobal
